#MicroXplorer Configuration settings - do not modify
Mcu.Family=STM32G4
ProjectManager.MainLocation=Core/Src
Dma.DAC2_CH1.0.PeriphDataAlignment=DMA_PDATAALIGN_WORD
PA2.GPIO_PuPd=GPIO_NOPULL
RCC.USART1Freq_Value=170000000
Dma.DAC2_CH1.0.SyncRequestNumber=1
RCC.SAI1Freq_Value=170000000
RCC.CortexFreq_Value=170000000
ProjectManager.KeepUserCode=true
Mcu.UserName=STM32G474RETx
Dma.DAC2_CH1.0.Direction=DMA_MEMORY_TO_PERIPH
PA3.GPIO_PuPd=GPIO_NOPULL
SH.COMP_DAC21_group.0=DAC2_OUT1,DAC_OUT1_ExtAndInt
ProjectManager.functionlistsort=1-MX_GPIO_Init-GPIO-false-HAL-true,2-MX_DMA_Init-DMA-false-HAL-true,3-SystemClock_Config-RCC-false-HAL-false,4-MX_DAC2_Init-DAC2-false-HAL-true,5-MX_LPUART1_UART_Init-LPUART1-false-HAL-true,6-MX_TIM2_Init-TIM2-false-HAL-true
PA2.GPIO_Speed=GPIO_SPEED_FREQ_LOW
DAC2.IPParameters=DAC_SampleAndHold-DAC_OUT1_ExtAndInt,DAC_Trigger_OUT1-DAC_OUT1_ExtAndInt
RCC.RTCFreq_Value=32768
LPUART1.WordLength=UART_WORDLENGTH_8B
PA3.GPIOParameters=GPIO_Speed,GPIO_PuPd,GPIO_Mode
RCC.USART2Freq_Value=170000000
PA3.GPIO_Speed=GPIO_SPEED_FREQ_LOW
PA5.PinState=GPIO_PIN_RESET
PA2.GPIOParameters=GPIO_Speed,GPIO_PuPd,GPIO_Mode
PinOutPanel.RotationAngle=-90
RCC.MCO1PinFreq_Value=16000000
RCC.SYSCLKSource=RCC_SYSCLKSOURCE_PLLCLK
ProjectManager.StackSize=0x400
SH.GPXTI13.0=GPIO_EXTI13
RCC.I2C3Freq_Value=170000000
RCC.LPTIM1Freq_Value=170000000
Mcu.IP4=RCC
RCC.FCLKCortexFreq_Value=170000000
Mcu.IP5=SYS
Mcu.IP2=LPUART1
NVIC.SVCall_IRQn=true\:0\:0\:false\:false\:true\:false\:false
Mcu.IP3=NVIC
Mcu.IP0=DAC2
Mcu.IP1=DMA
Mcu.UserConstants=
Dma.DAC2_CH1.0.MemInc=DMA_MINC_ENABLE
SH.GPXTI13.ConfNb=1
Mcu.ThirdPartyNb=0
RCC.HCLKFreq_Value=170000000
RCC.I2C4Freq_Value=170000000
Mcu.IPNb=7
TIM2.IPParameters=TIM_MasterSlaveMode,TIM_MasterOutputTrigger,PeriodNoDither,Prescaler
ProjectManager.PreviousToolchain=
RCC.APB2TimFreq_Value=170000000
Dma.DAC2_CH1.0.Polarity=HAL_DMAMUX_REQ_GEN_RISING
Mcu.Pin6=PA3
VP_TIM2_VS_ClockSourceINT.Signal=TIM2_VS_ClockSourceINT
Mcu.Pin7=PA5
Mcu.Pin8=PA6
Mcu.Pin9=PA13
RCC.AHBFreq_Value=170000000
Mcu.Pin0=PC13
Mcu.Pin1=PC14-OSC32_IN
Mcu.Pin2=PC15-OSC32_OUT
Mcu.Pin3=PF0-OSC_IN
RCC.USART3Freq_Value=170000000
Mcu.Pin4=PF1-OSC_OUT
DAC2.DAC_SampleAndHold-DAC_OUT1_ExtAndInt=DAC_SAMPLEANDHOLD_DISABLE
NVIC.EXTI15_10_IRQn=true\:0\:0\:false\:false\:true\:true\:true
Mcu.Pin5=PA2
ProjectManager.ProjectBuild=false
RCC.HSE_VALUE=24000000
NVIC.UsageFault_IRQn=true\:0\:0\:false\:false\:true\:false\:false
NVIC.DebugMonitor_IRQn=true\:0\:0\:false\:false\:true\:false\:false
NVIC.SysTick_IRQn=true\:0\:0\:false\:false\:true\:false\:true
RCC.ADC12Freq_Value=170000000
RCC.RTCClockSelection=RCC_RTCCLKSOURCE_LSE
ProjectManager.FirmwarePackage=STM32Cube FW_G4 V1.3.0
MxDb.Version=DB.6.0.0
Dma.DAC2_CH1.0.EventEnable=DISABLE
TIM2.PeriodNoDither=642
SH.COMP_DAC21_group.ConfNb=1
ProjectManager.BackupPrevious=false
PC14-OSC32_IN.Mode=LSE-External-Oscillator
RCC.VCOInputFreq_Value=4000000
PF0-OSC_IN.Locked=true
PA14.Mode=Serial_Wire
PA5.GPIO_PuPd=GPIO_NOPULL
File.Version=6
PC13.GPIO_PuPd=GPIO_NOPULL
VP_SYS_VS_DBSignals.Mode=DisableDeadBatterySignals
Dma.DAC2_CH1.0.MemDataAlignment=DMA_MDATAALIGN_WORD
RCC.PLLRCLKFreq_Value=170000000
NVIC.PendSV_IRQn=true\:0\:0\:false\:false\:true\:false\:false
Dma.RequestsNb=1
ProjectManager.HalAssertFull=false
RCC.CRSFreq_Value=48000000
ProjectManager.ProjectName=DACProject
Mcu.Package=LQFP64
TIM2.Prescaler=0
PA6.Signal=COMP_DAC21_group
PA5.Locked=true
Dma.DAC2_CH1.0.Priority=DMA_PRIORITY_HIGH
Dma.DAC2_CH1.0.SyncEnable=DISABLE
PA14.Locked=true
ProjectManager.ToolChainLocation=
RCC.LSI_VALUE=32000
VP_SYS_VS_Systick.Signal=SYS_VS_Systick
RCC.LSCOPinFreq_Value=32000
PA5.GPIOParameters=GPIO_Speed,PinState,GPIO_PuPd,GPIO_ModeDefaultOutputPP
TIM2.TIM_MasterOutputTrigger=TIM_TRGO_UPDATE
RCC.PLLPoutputFreq_Value=170000000
RCC.APB1TimFreq_Value=170000000
NVIC.BusFault_IRQn=true\:0\:0\:false\:false\:true\:false\:false
RCC.LPUART1Freq_Value=170000000
PF1-OSC_OUT.Mode=HSE-External-Oscillator
Dma.Request0=DAC2_CH1
Dma.DAC2_CH1.0.SignalID=NONE
ProjectManager.CustomerFirmwarePackage=
PC14-OSC32_IN.Locked=true
PF1-OSC_OUT.Signal=RCC_OSC_OUT
RCC.HSI48_VALUE=48000000
PB3.Locked=true
RCC.HRTIM1Freq_Value=170000000
PA3.Signal=LPUART1_RX
PA2.GPIO_Mode=GPIO_MODE_AF_PP
PA2.Locked=true
RCC.PLLSourceVirtual=RCC_PLLSOURCE_HSE
PC15-OSC32_OUT.Mode=LSE-External-Oscillator
RCC.I2SFreq_Value=170000000
RCC.PLLQoutputFreq_Value=170000000
ProjectManager.ProjectFileName=DACProject.ioc
Mcu.PinsNb=15
ProjectManager.NoMain=false
Dma.DAC2_CH1.0.SyncPolarity=HAL_DMAMUX_SYNC_NO_EVENT
PC13.Locked=true
PC13.Signal=GPXTI13
NVIC.TIM7_DAC_IRQn=true\:0\:0\:false\:false\:true\:true\:true
RCC.EXTERNAL_CLOCK_VALUE=12288000
ProjectManager.DefaultFWLocation=true
ProjectManager.DeletePrevious=true
PF1-OSC_OUT.Locked=true
PC14-OSC32_IN.Signal=RCC_OSC32_IN
RCC.QSPIFreq_Value=170000000
boardIOC=true
LPUART1.IPParameters=BaudRate,WordLength
RCC.FamilyName=M
DAC2.DAC_Trigger_OUT1-DAC_OUT1_ExtAndInt=DAC_TRIGGER_T2_TRGO
PA13.Signal=SYS_JTMS-SWDIO
PA3.Mode=Asynchronous
PC15-OSC32_OUT.Locked=true
ProjectManager.TargetToolchain=Makefile
PA3.GPIO_Mode=GPIO_MODE_AF_PP
ProjectManager.RegisterCallBack=
RCC.USBFreq_Value=170000000
PC15-OSC32_OUT.Signal=RCC_OSC32_OUT
PF0-OSC_IN.Mode=HSE-External-Oscillator
PA5.Signal=GPIO_Output
board=NUCLEO-G474RE
RCC.VCOOutputFreq_Value=340000000
ProjectManager.LastFirmware=true
Dma.DAC2_CH1.0.PeriphInc=DMA_PINC_DISABLE
RCC.ADC345Freq_Value=170000000
RCC.APB2Freq_Value=170000000
RCC.UART4Freq_Value=170000000
MxCube.Version=6.0.1
PA5.GPIO_ModeDefaultOutputPP=GPIO_MODE_OUTPUT_PP
VP_TIM2_VS_ClockSourceINT.Mode=Internal
RCC.I2C1Freq_Value=170000000
VP_SYS_VS_DBSignals.Signal=SYS_VS_DBSignals
PC13.GPIOParameters=GPIO_PuPd,GPIO_ModeDefaultEXTI
RCC.FDCANFreq_Value=170000000
RCC.RNGFreq_Value=170000000
VP_SYS_VS_Systick.Mode=SysTick
Dma.DAC2_CH1.0.Instance=DMA1_Channel1
NVIC.NonMaskableInt_IRQn=true\:0\:0\:false\:false\:true\:false\:false
RCC.UART5Freq_Value=170000000
PA13.Mode=Serial_Wire
ProjectManager.FreePins=true
RCC.IPParameters=ADC12Freq_Value,ADC345Freq_Value,AHBFreq_Value,APB1Freq_Value,APB1TimFreq_Value,APB2Freq_Value,APB2TimFreq_Value,CRSFreq_Value,CortexFreq_Value,EXTERNAL_CLOCK_VALUE,FCLKCortexFreq_Value,FDCANFreq_Value,FamilyName,HCLKFreq_Value,HRTIM1Freq_Value,HSE_VALUE,HSI48_VALUE,HSI_VALUE,I2C1Freq_Value,I2C2Freq_Value,I2C3Freq_Value,I2C4Freq_Value,I2SFreq_Value,LPTIM1Freq_Value,LPUART1Freq_Value,LSCOPinFreq_Value,LSI_VALUE,MCO1PinFreq_Value,PLLM,PLLN,PLLPoutputFreq_Value,PLLQoutputFreq_Value,PLLRCLKFreq_Value,PLLSourceVirtual,PWRFreq_Value,QSPIFreq_Value,RNGFreq_Value,RTCClockSelection,RTCFreq_Value,SAI1Freq_Value,SYSCLKFreq_VALUE,SYSCLKSource,UART4Freq_Value,UART5Freq_Value,USART1Freq_Value,USART2Freq_Value,USART3Freq_Value,USBFreq_Value,VCOInputFreq_Value,VCOOutputFreq_Value
ProjectManager.AskForMigrate=true
Mcu.Name=STM32G474R(B-C-E)Tx
LPUART1.BaudRate=115200
PA2.Signal=LPUART1_TX
ProjectManager.UnderRoot=false
Mcu.IP6=TIM2
ProjectManager.CoupleFile=true
PB3.Signal=SYS_JTDO-SWO
RCC.SYSCLKFreq_VALUE=170000000
PA3.Locked=true
NVIC.ForceEnableDMAVector=true
KeepUserPlacement=false
PC13.GPIO_ModeDefaultEXTI=GPIO_MODE_IT_RISING
NVIC.MemoryManagement_IRQn=true\:0\:0\:false\:false\:true\:false\:false
PA13.Locked=true
ProjectManager.CompilerOptimize=6
PA14.Signal=SYS_JTCK-SWCLK
ProjectManager.HeapSize=0x200
NVIC.HardFault_IRQn=true\:0\:0\:false\:false\:true\:false\:false
Mcu.Pin13=VP_SYS_VS_DBSignals
Mcu.Pin14=VP_TIM2_VS_ClockSourceINT
ProjectManager.ComputerToolchain=false
RCC.HSI_VALUE=16000000
PA5.GPIO_Speed=GPIO_SPEED_FREQ_LOW
NVIC.PriorityGroup=NVIC_PRIORITYGROUP_4
Dma.DAC2_CH1.0.RequestNumber=1
Dma.DAC2_CH1.0.RequestParameters=Instance,Direction,PeriphInc,MemInc,PeriphDataAlignment,MemDataAlignment,Mode,Priority,SignalID,Polarity,RequestNumber,SyncSignalID,SyncPolarity,SyncEnable,EventEnable,SyncRequestNumber
Mcu.Pin11=PB3
Mcu.Pin12=VP_SYS_VS_Systick
RCC.PLLM=RCC_PLLM_DIV6
RCC.PLLN=85
Mcu.Pin10=PA14
TIM2.TIM_MasterSlaveMode=TIM_MASTERSLAVEMODE_DISABLE
PA2.Mode=Asynchronous
Dma.DAC2_CH1.0.SyncSignalID=NONE
RCC.PWRFreq_Value=170000000
NVIC.DMA1_Channel1_IRQn=true\:0\:0\:false\:false\:true\:false\:true
PF0-OSC_IN.Signal=RCC_OSC_IN
Dma.DAC2_CH1.0.Mode=DMA_CIRCULAR
RCC.I2C2Freq_Value=170000000
RCC.APB1Freq_Value=170000000
ProjectManager.DeviceId=STM32G474RETx
ProjectManager.LibraryCopy=1
